
Microsoft Visual Studio Solution File, Format Version 12.00
# Visual Studio Version 17
VisualStudioVersion = 17.6.33723.286
MinimumVisualStudioVersion = 10.0.40219.1
Project("{FAE04EC0-301F-11D3-BF4B-00C04F79EFBC}") = "WebApplication1", "WebApplication1\WebApplication1.csproj", "{9FA72F14-0484-4BDB-A8DB-F5EB0FE0AE58}"
EndProject
Global
	GlobalSection(SolutionConfigurationPlatforms) = preSolution
		Debug|Any CPU = Debug|Any CPU
		Release|Any CPU = Release|Any CPU
	EndGlobalSection
	GlobalSection(ProjectConfigurationPlatforms) = postSolution
		{9FA72F14-0484-4BDB-A8DB-F5EB0FE0AE58}.Debug|Any CPU.ActiveCfg = Debug|Any CPU
		{9FA72F14-0484-4BDB-A8DB-F5EB0FE0AE58}.Debug|Any CPU.Build.0 = Debug|Any CPU
		{9FA72F14-0484-4BDB-A8DB-F5EB0FE0AE58}.Release|Any CPU.ActiveCfg = Release|Any CPU
		{9FA72F14-0484-4BDB-A8DB-F5EB0FE0AE58}.Release|Any CPU.Build.0 = Release|Any CPU
	EndGlobalSection
	GlobalSection(SolutionProperties) = preSolution
		HideSolutionNode = FALSE
	EndGlobalSection
	GlobalSection(ExtensibilityGlobals) = postSolution
		SolutionGuid = {BC1D79E5-5883-443A-A93B-1C658F3DFD7B}
	EndGlobalSection
EndGlobal
